{
  "name": "lit-data-table-3",
  "version": "1.0.0",
  "lockfileVersion": 1,
  "requires": true,
  "dependencies": {
    "@bundled-es-modules/message-format": {
      "version": "6.0.4",
      "resolved": "https://registry.npmjs.org/@bundled-es-modules/message-format/-/message-format-6.0.4.tgz",
      "integrity": "sha512-NGUoPxqsBzDwvRhY3A3L/AhS1hzS9OWappfyDOyCwE7G3W4ua28gau7QwvJz7QzA6ArbAdeb8c1mLjvd1WUFAA=="
    },
    "@lion/core": {
      "version": "0.13.0",
      "resolved": "https://registry.npmjs.org/@lion/core/-/core-0.13.0.tgz",
      "integrity": "sha512-nNpvsObncLkIkgwcSrBtH0yomAdTBFfRHk3FU2tF+ZcuKVcUoRdMMQiOy5QmHbp7gk2UdCWAM/7Wwe3YPTNxUg==",
      "requires": {
        "@open-wc/dedupe-mixin": "^1.2.18",
        "@open-wc/scoped-elements": "^1.2.2",
        "lit-element": "~2.4.0",
        "lit-html": "^1.3.0"
      }
    },
    "@lion/localize": {
      "version": "0.14.5",
      "resolved": "https://registry.npmjs.org/@lion/localize/-/localize-0.14.5.tgz",
      "integrity": "sha512-ha09rLMRmbDjAzrITo6Jjs4QwmeN1xb3CVBdB2B3lLrGF2tImr2O+IIC7JiNKGkrO6o9xBTnIgEhGgOI5xpqPA==",
      "requires": {
        "@bundled-es-modules/message-format": "6.0.4",
        "@lion/core": "0.13.0",
        "singleton-manager": "1.1.2"
      }
    },
    "@lion/pagination": {
      "version": "0.2.0",
      "resolved": "https://registry.npmjs.org/@lion/pagination/-/pagination-0.2.0.tgz",
      "integrity": "sha512-8wcOatzNWSldwqfVJO6YerwvbVbJmp7uRoZeCTxbAIM+Y5I6ji40LSm2h7piJ1ddFE0kapEh9wD36Fz5Y/X0Ag==",
      "requires": {
        "@lion/core": "0.13.0",
        "@lion/localize": "0.14.5"
      }
    },
    "@open-wc/dedupe-mixin": {
      "version": "1.3.0",
      "resolved": "https://registry.npmjs.org/@open-wc/dedupe-mixin/-/dedupe-mixin-1.3.0.tgz",
      "integrity": "sha512-UfdK1MPnR6T7f3svzzYBfu3qBkkZ/KsPhcpc3JYhsUY4hbpwNF9wEQtD4Z+/mRqMTJrKg++YSxIxE0FBhY3RIw=="
    },
    "@open-wc/scoped-elements": {
      "version": "1.2.2",
      "resolved": "https://registry.npmjs.org/@open-wc/scoped-elements/-/scoped-elements-1.2.2.tgz",
      "integrity": "sha512-C3JU79gNBmcxqKqZ8aTargPmBBwQvyws6lhfZ+9I0NH8SKk0k6ExjzyUwsDa2i/kbhBuUE5NebaDZJM5Jw4/6w==",
      "requires": {
        "@open-wc/dedupe-mixin": "^1.3.0",
        "lit-html": "^1.0.0"
      }
    },
    "axios": {
      "version": "0.18.0",
      "resolved": "https://registry.npmjs.org/axios/-/axios-0.18.0.tgz",
      "integrity": "sha1-MtU+SFHv3AoRmTts0AB4nXDAUQI=",
      "requires": {
        "follow-redirects": "^1.3.0",
        "is-buffer": "^1.1.5"
      }
    },
    "bootstrap": {
      "version": "4.5.2",
      "resolved": "https://registry.npmjs.org/bootstrap/-/bootstrap-4.5.2.tgz",
      "integrity": "sha512-vlGn0bcySYl/iV+BGA544JkkZP5LB3jsmkeKLFQakCOwCM3AOk7VkldBz4jrzSe+Z0Ezn99NVXa1o45cQY4R6A=="
    },
    "follow-redirects": {
      "version": "1.13.0",
      "resolved": "https://registry.npmjs.org/follow-redirects/-/follow-redirects-1.13.0.tgz",
      "integrity": "sha512-aq6gF1BEKje4a9i9+5jimNFIpq4Q1WiwBToeRK5NvZBd/TRsmW8BsJfOEGkr76TbOyPVD3OVDN910EcUNtRYEA=="
    },
    "font-awesome": {
      "version": "4.7.0",
      "resolved": "https://registry.npmjs.org/font-awesome/-/font-awesome-4.7.0.tgz",
      "integrity": "sha1-j6jPBBGhoxr9B7BtKQK7n8gVoTM="
    },
    "haunted": {
      "version": "4.7.0",
      "resolved": "https://registry.npmjs.org/haunted/-/haunted-4.7.0.tgz",
      "integrity": "sha512-ajsUengbSL2ELljJ2VLU2o5BfG/drzZV+BvSLALvIBx+24owmxC5iW7+SK/Y667JaVmratEPR010bYpGKAt7ow==",
      "requires": {
        "lit-html": "^1.0.0"
      }
    },
    "hyperactiv": {
      "version": "0.8.2",
      "resolved": "https://registry.npmjs.org/hyperactiv/-/hyperactiv-0.8.2.tgz",
      "integrity": "sha512-WviGi/PnIQQqGl/fRLtkWlQbhgYnDowpPSOfD/s3W5JWVU4aKnT/xemZD7syAMi1NsdqlYpz3e4ETIpldH1hkQ=="
    },
    "is-buffer": {
      "version": "1.1.6",
      "resolved": "https://registry.npmjs.org/is-buffer/-/is-buffer-1.1.6.tgz",
      "integrity": "sha512-NcdALwpXkTm5Zvvbk7owOUSvVvBKDgKP5/ewfXEznmQFfs4ZRmanOeKBTjRVjka3QFoN6XJ+9F3USqfHqTaU5w=="
    },
    "lit-element": {
      "version": "2.4.0",
      "resolved": "https://registry.npmjs.org/lit-element/-/lit-element-2.4.0.tgz",
      "integrity": "sha512-pBGLglxyhq/Prk2H91nA0KByq/hx/wssJBQFiYqXhGDvEnY31PRGYf1RglVzyLeRysu0IHm2K0P196uLLWmwFg==",
      "requires": {
        "lit-html": "^1.1.1"
      }
    },
    "lit-html": {
      "version": "1.3.0",
      "resolved": "https://registry.npmjs.org/lit-html/-/lit-html-1.3.0.tgz",
      "integrity": "sha512-0Q1bwmaFH9O14vycPHw8C/IeHMk/uSDldVLIefu/kfbTBGIc44KGH6A8p1bDfxUfHdc8q6Ct7kQklWoHgr4t1Q=="
    },
    "lodash": {
      "version": "4.17.20",
      "resolved": "https://registry.npmjs.org/lodash/-/lodash-4.17.20.tgz",
      "integrity": "sha512-PlhdFcillOINfeV7Ni6oF1TAEayyZBoZ8bcshTHqOYJYlrqzRK5hagpagky5o4HfCzzd1TRkXPMFq6cKk9rGmA=="
    },
    "singleton-manager": {
      "version": "1.1.2",
      "resolved": "https://registry.npmjs.org/singleton-manager/-/singleton-manager-1.1.2.tgz",
      "integrity": "sha512-U1nD22iUUVSWY7ST5iB0ca+qFZcXwtP6nf8Gp0WP/u4gqOs83gdOsOS6d4glhvcJ751ERJfDbaMoqDA0pPk+yA=="
    }
  }
}
